{
    "_readme": [
        "This file locks the dependencies of your project to a known state",
        "Read more about it at https://getcomposer.org/doc/01-basic-usage.md#composer-lock-the-lock-file",
        "This file is @generated automatically"
    ],
    "content-hash": "21996e627bac7adc6abc824d10bb8ddc",
    "packages": [
        {
            "name": "composer/installers",
            "version": "v1.1.0",
            "source": {
                "type": "git",
                "url": "https://github.com/composer/installers.git",
                "reference": "a3595c5272a6f247228abb20076ed27321e4aae9"
            },
            "dist": {
                "type": "zip",
                "url": "https://api.github.com/repos/composer/installers/zipball/a3595c5272a6f247228abb20076ed27321e4aae9",
                "reference": "a3595c5272a6f247228abb20076ed27321e4aae9",
                "shasum": ""
            },
            "require": {
                "composer-plugin-api": "^1.0"
            },
            "replace": {
                "roundcube/plugin-installer": "*",
                "shama/baton": "*"
            },
            "require-dev": {
                "composer/composer": "1.0.*@dev",
                "phpunit/phpunit": "4.1.*"
            },
            "type": "composer-plugin",
            "extra": {
                "class": "Composer\\Installers\\Plugin",
                "branch-alias": {
                    "dev-master": "1.0-dev"
                }
            },
            "autoload": {
                "psr-4": {
                    "Composer\\Installers\\": "src/Composer/Installers"
                }
            },
            "notification-url": "https://packagist.org/downloads/",
            "license": [
                "MIT"
            ],
            "authors": [
                {
                    "name": "Kyle Robinson Young",
                    "email": "kyle@dontkry.com",
                    "homepage": "https://github.com/shama"
                }
            ],
            "description": "A multi-framework Composer library installer",
            "homepage": "https://composer.github.io/installers/",
            "keywords": [
                "Craft",
                "Dolibarr",
                "Hurad",
                "ImageCMS",
                "MODX Evo",
                "Mautic",
                "OXID",
                "RadPHP",
                "SMF",
                "Thelia",
                "WolfCMS",
                "agl",
                "aimeos",
                "annotatecms",
                "bitrix",
                "cakephp",
                "chef",
                "codeigniter",
                "concrete5",
                "croogo",
                "dokuwiki",
                "drupal",
                "elgg",
                "expressionengine",
                "fuelphp",
                "grav",
                "installer",
                "joomla",
                "kohana",
                "laravel",
                "lithium",
                "magento",
                "mako",
                "mediawiki",
                "modulework",
                "moodle",
                "phpbb",
                "piwik",
                "ppi",
                "puppet",
                "roundcube",
                "shopware",
                "silverstripe",
                "symfony",
                "typo3",
                "wordpress",
                "zend",
                "zikula"
            ],
            "time": "2016-07-05T06:18:20+00:00"
        },
        {
            "name": "kohana/core",
            "version": "v3.3.6",
            "source": {
                "type": "git",
                "url": "https://github.com/kohana/core.git",
                "reference": "bdbe81afb5a09cee4269d2e2210a0d293265231a"
            },
            "dist": {
                "type": "zip",
                "url": "https://api.github.com/repos/kohana/core/zipball/bdbe81afb5a09cee4269d2e2210a0d293265231a",
                "reference": "bdbe81afb5a09cee4269d2e2210a0d293265231a",
                "shasum": ""
            },
            "require": {
                "php": ">=5.3.3"
            },
            "require-dev": {
                "kohana/koharness": "*@dev",
                "kohana/unittest": "3.3.*@dev"
            },
            "suggest": {
                "ext-curl": "*",
                "ext-http": "*",
                "ext-mcrypt": "*"
            },
            "type": "library",
            "extra": {
                "installer-paths": {
                    "vendor/{$vendor}/{$name}": [
                        "type:kohana-module"
                    ]
                },
                "branch-alias": {
                    "dev-3.3/develop": "3.3.x-dev",
                    "dev-3.4/develop": "3.4.x-dev"
                }
            },
            "notification-url": "https://packagist.org/downloads/",
            "license": [
                "BSD-3-Clause"
            ],
            "authors": [
                {
                    "name": "Kohana Team",
                    "email": "team@kohanaframework.org",
                    "homepage": "http://kohanaframework.org/team",
                    "role": "developer"
                }
            ],
            "description": "Core system classes for the Kohana application framework",
            "homepage": "http://kohanaframework.org",
            "keywords": [
                "framework",
                "kohana"
            ],
            "time": "2016-07-25T13:15:13+00:00"
        },
        {
            "name": "openbuildings/db-fixtures",
            "version": "0.2.1",
            "source": {
                "type": "git",
                "url": "https://github.com/OpenBuildings/db-fixtures.git",
                "reference": "0dbd1424f3b866cc043dddfed598daad1b579a49"
            },
            "dist": {
                "type": "zip",
                "url": "https://api.github.com/repos/OpenBuildings/db-fixtures/zipball/0dbd1424f3b866cc043dddfed598daad1b579a49",
                "reference": "0dbd1424f3b866cc043dddfed598daad1b579a49",
                "shasum": ""
            },
            "type": "library",
            "autoload": {
                "psr-0": {
                    "Openbuildings\\DBFixtures\\": "src/"
                }
            },
            "notification-url": "https://packagist.org/downloads/",
            "license": [
                "BSD-3-Clause"
            ],
            "authors": [
                {
                    "name": "Ivan Kerin",
                    "email": "ivan@openbuildings.com",
                    "homepage": "https://github.com/OpenBuildings/jam",
                    "role": "Author"
                }
            ],
            "description": "Load data into the database and cache with raw sql inserts",
            "time": "2013-07-30T09:42:34+00:00"
        },
        {
            "name": "openbuildings/environment-backup",
            "version": "0.1.1",
            "source": {
                "type": "git",
                "url": "https://github.com/OpenBuildings/environment-backup.git",
                "reference": "382d388ec2a9d9c414965a20347671328ab0b1f2"
            },
            "dist": {
                "type": "zip",
                "url": "https://api.github.com/repos/OpenBuildings/environment-backup/zipball/382d388ec2a9d9c414965a20347671328ab0b1f2",
                "reference": "382d388ec2a9d9c414965a20347671328ab0b1f2",
                "shasum": ""
            },
            "require-dev": {
                "openbuildings/kohana-test-bootsrap": "dev-master"
            },
            "type": "library",
            "autoload": {
                "psr-0": {
                    "Openbuildings\\EnvironmentBackup\\": "src/"
                }
            },
            "notification-url": "https://packagist.org/downloads/",
            "license": [
                "BSD-3-Clause"
            ],
            "authors": [
                {
                    "name": "Ivan Kerin",
                    "email": "ivan@openbuildings.com",
                    "homepage": "https://github.com/OpenBuildings/jam",
                    "role": "Author"
                }
            ],
            "description": "Backup/restore environment variables: globals, static vars, configs",
            "time": "2013-07-24T07:26:52+00:00"
        },
        {
            "name": "openbuildings/phpunit-spiderling",
            "version": "0.1.13",
            "source": {
                "type": "git",
                "url": "https://github.com/OpenBuildings/phpunit-spiderling.git",
                "reference": "f3c607cfaee67b9a6682436ee4d440e6d40755c9"
            },
            "dist": {
                "type": "zip",
                "url": "https://api.github.com/repos/OpenBuildings/phpunit-spiderling/zipball/f3c607cfaee67b9a6682436ee4d440e6d40755c9",
                "reference": "f3c607cfaee67b9a6682436ee4d440e6d40755c9",
                "shasum": ""
            },
            "require": {
                "openbuildings/environment-backup": "0.1.*",
                "openbuildings/spiderling": "0.2.*"
            },
            "require-dev": {
                "openbuildings/kohana-test-bootsrap": "0.1.*",
                "se/selenium-server-standalone": "^2.43"
            },
            "type": "library",
            "autoload": {
                "psr-0": {
                    "Openbuildings\\PHPUnitSpiderling\\": "src/"
                }
            },
            "notification-url": "https://packagist.org/downloads/",
            "license": [
                "BSD-3-Clause"
            ],
            "authors": [
                {
                    "name": "Ivan Kerin",
                    "email": "ivan@openbuildings.com",
                    "role": "Author"
                }
            ],
            "description": "Use openbuildings/spiderling in phpunit tests",
            "time": "2016-07-19T08:21:28+00:00"
        },
        {
            "name": "openbuildings/spiderling",
            "version": "0.2.24",
            "source": {
                "type": "git",
                "url": "https://github.com/OpenBuildings/spiderling.git",
                "reference": "38982eb1e6c0e1712c2cfd263fd5cba50ebd7b04"
            },
            "dist": {
                "type": "zip",
                "url": "https://api.github.com/repos/OpenBuildings/spiderling/zipball/38982eb1e6c0e1712c2cfd263fd5cba50ebd7b04",
                "reference": "38982eb1e6c0e1712c2cfd263fd5cba50ebd7b04",
                "shasum": ""
            },
            "require": {
                "openbuildings/environment-backup": "~0.1.1",
                "symfony/css-selector": "^2.3"
            },
            "require-dev": {
                "openbuildings/kohana-test-bootsrap": "~0.1.2",
                "se/selenium-server-standalone": "2.40"
            },
            "type": "library",
            "autoload": {
                "psr-0": {
                    "Openbuildings\\Spiderling\\": "src/"
                }
            },
            "notification-url": "https://packagist.org/downloads/",
            "license": [
                "BSD-3-Clause"
            ],
            "authors": [
                {
                    "name": "Ivan Kerin",
                    "email": "ivan@openbuildings.com",
                    "role": "Author"
                }
            ],
            "description": "Crawl the web with kohana, phantomjs or selenium",
            "time": "2015-09-07T09:34:41+00:00"
        },
        {
            "name": "symfony/css-selector",
            "version": "v2.8.8",
            "source": {
                "type": "git",
                "url": "https://github.com/symfony/css-selector.git",
                "reference": "9da4c615ba303850986e0480cc472bf704cfdb64"
            },
            "dist": {
                "type": "zip",
                "url": "https://api.github.com/repos/symfony/css-selector/zipball/9da4c615ba303850986e0480cc472bf704cfdb64",
                "reference": "9da4c615ba303850986e0480cc472bf704cfdb64",
                "shasum": ""
            },
            "require": {
                "php": ">=5.3.9"
            },
            "type": "library",
            "extra": {
                "branch-alias": {
                    "dev-master": "2.8-dev"
                }
            },
            "autoload": {
                "psr-4": {
                    "Symfony\\Component\\CssSelector\\": ""
                },
                "exclude-from-classmap": [
                    "/Tests/"
                ]
            },
            "notification-url": "https://packagist.org/downloads/",
            "license": [
                "MIT"
            ],
            "authors": [
                {
                    "name": "Jean-François Simon",
                    "email": "jeanfrancois.simon@sensiolabs.com"
                },
                {
                    "name": "Fabien Potencier",
                    "email": "fabien@symfony.com"
                },
                {
                    "name": "Symfony Community",
                    "homepage": "https://symfony.com/contributors"
                }
            ],
            "description": "Symfony CssSelector Component",
            "homepage": "https://symfony.com",
            "time": "2016-06-29T05:31:50+00:00"
        }
    ],
    "packages-dev": [
        {
            "name": "kohana/database",
            "version": "v3.3.6",
            "source": {
                "type": "git",
                "url": "https://github.com/kohana/database.git",
                "reference": "3edf2fe2cc6deeab41acfff032f38f697f9ef6fc"
            },
            "dist": {
                "type": "zip",
                "url": "https://api.github.com/repos/kohana/database/zipball/3edf2fe2cc6deeab41acfff032f38f697f9ef6fc",
                "reference": "3edf2fe2cc6deeab41acfff032f38f697f9ef6fc",
                "shasum": ""
            },
            "require": {
                "composer/installers": "~1.0",
                "kohana/core": ">=3.3",
                "php": ">=5.3.6"
            },
            "require-dev": {
                "kohana/core": "3.3.*@dev",
                "kohana/koharness": "*@dev",
                "kohana/unittest": "3.3.*@dev"
            },
            "suggest": {
                "ext-mysql": "*",
                "ext-pdo": "*"
            },
            "type": "kohana-module",
            "extra": {
                "branch-alias": {
                    "dev-3.3/develop": "3.3.x-dev",
                    "dev-3.4/develop": "3.4.x-dev"
                },
                "installer-paths": {
                    "vendor/{$vendor}/{$name}": [
                        "type:kohana-module"
                    ]
                }
            },
            "notification-url": "https://packagist.org/downloads/",
            "license": [
                "BSD-3-Clause"
            ],
            "authors": [
                {
                    "name": "Kohana Team",
                    "email": "team@kohanaframework.org",
                    "homepage": "http://kohanaframework.org/team",
                    "role": "developer"
                }
            ],
            "description": "The official Kohana module for database interactions, building queries, and prepared statements",
            "homepage": "http://kohanaframework.org",
            "keywords": [
                "database",
                "framework",
                "kohana"
            ],
            "time": "2016-03-23T17:12:30+00:00"
        },
        {
            "name": "openbuildings/kohana-test-bootstrap",
            "version": "0.2.0",
            "source": {
                "type": "git",
                "url": "https://github.com/OpenBuildings/kohana-test-bootstrap.git",
                "reference": "83b9e254f385b907c859b8332e4396b151a7e80e"
            },
            "dist": {
                "type": "zip",
                "url": "https://api.github.com/repos/OpenBuildings/kohana-test-bootstrap/zipball/83b9e254f385b907c859b8332e4396b151a7e80e",
                "reference": "83b9e254f385b907c859b8332e4396b151a7e80e",
                "shasum": ""
            },
            "require": {
                "kohana/core": "^3.3"
            },
            "type": "library",
            "autoload": {
                "files": [
                    "bootstrap.php"
                ]
            },
            "notification-url": "https://packagist.org/downloads/",
            "license": [
                "BSD-3-Clause"
            ],
            "authors": [
                {
                    "name": "Ivan Kerin",
                    "email": "ikerin@gmail.com",
                    "role": "Author"
                },
                {
                    "name": "Haralan Dobrev",
                    "email": "hkdobrev@gmail.com",
                    "role": "Maintainer"
                }
            ],
            "description": "Helper package for testing Kohana modules",
            "time": "2016-07-28T14:07:23+00:00"
        }
    ],
    "aliases": [],
    "minimum-stability": "stable",
    "stability-flags": [],
    "prefer-stable": false,
    "prefer-lowest": false,
    "platform": {
        "php": ">=5.3.0"
    },
    "platform-dev": []
}
